{
  "name": "almanac",
  "version": "0.1.0",
  "lockfileVersion": 3,
  "requires": true,
  "packages": {
    "": {
      "name": "almanac",
      "version": "0.1.0",
      "dependencies": {
        "@hono/node-server": "1.14.1",
        "hono": "4.7.11"
      },
      "engines": {
        "node": ">=24.0.0"
      }
    },
    "node_modules/@hono/node-server": {
      "version": "1.14.1",
      "license": "MIT",
      "engines": {
        "node": ">=18.14.1"
      },
      "peerDependencies": {
        "hono": "^4"
      }
    },
    "node_modules/hono": {
      "version": "4.7.11",
      "license": "MIT",
      "engines": {
        "node": ">=16.9.0"
      }
    }
  }
}
